// !$*UTF8*$!
{
	archiveVersion = 1;
	classes = {
	};
	objectVersion = 51;
	objects = {

/* Begin PBXBuildFile section */
		9E1CD9F82576760A007C410C /* rateNV.swift in Sources */ = {isa = PBXBuildFile; fileRef = 9E1CD9F72576760A007C410C /* rateNV.swift */; };
		9E1CD9FB2576762A007C410C /* rateVC.swift in Sources */ = {isa = PBXBuildFile; fileRef = 9E1CD9FA2576762A007C410C /* rateVC.swift */; };
		9E3991B92520201A00C1CC95 /* AppDelegate.swift in Sources */ = {isa = PBXBuildFile; fileRef = 9E3991B82520201A00C1CC95 /* AppDelegate.swift */; };
		9E3991BB2520201A00C1CC95 /* SceneDelegate.swift in Sources */ = {isa = PBXBuildFile; fileRef = 9E3991BA2520201A00C1CC95 /* SceneDelegate.swift */; };
		9E3991C02520201A00C1CC95 /* Main.storyboard in Resources */ = {isa = PBXBuildFile; fileRef = 9E3991BE2520201A00C1CC95 /* Main.storyboard */; };
		9E3991C52520201C00C1CC95 /* LaunchScreen.storyboard in Resources */ = {isa = PBXBuildFile; fileRef = 9E3991C32520201C00C1CC95 /* LaunchScreen.storyboard */; };
		9E3991D12520206600C1CC95 /* Podfile in Resources */ = {isa = PBXBuildFile; fileRef = 9E3991D02520206500C1CC95 /* Podfile */; };
		9E92E55D256D516B0073BFA6 /* Tabs.swift in Sources */ = {isa = PBXBuildFile; fileRef = 9E92E55C256D516B0073BFA6 /* Tabs.swift */; };
		9EFEA56C256C118000C7A870 /* Assets.xcassets in Resources */ = {isa = PBXBuildFile; fileRef = 9EFEA56B256C118000C7A870 /* Assets.xcassets */; };
		E91B1589B52B78B62D574F01 /* Pods_Example.framework in Frameworks */ = {isa = PBXBuildFile; fileRef = 402A965C6894FDF96F528BDB /* Pods_Example.framework */; };
/* End PBXBuildFile section */

/* Begin PBXFileReference section */
		402A965C6894FDF96F528BDB /* Pods_Example.framework */ = {isa = PBXFileReference; explicitFileType = wrapper.framework; includeInIndex = 0; path = Pods_Example.framework; sourceTree = BUILT_PRODUCTS_DIR; };
		73259463F27A93431B0BBA67 /* Pods-Example.release.xcconfig */ = {isa = PBXFileReference; includeInIndex = 1; lastKnownFileType = text.xcconfig; name = "Pods-Example.release.xcconfig"; path = "Target Support Files/Pods-Example/Pods-Example.release.xcconfig"; sourceTree = "<group>"; };
		9E1CD9F72576760A007C410C /* rateNV.swift */ = {isa = PBXFileReference; lastKnownFileType = sourcecode.swift; path = rateNV.swift; sourceTree = "<group>"; };
		9E1CD9FA2576762A007C410C /* rateVC.swift */ = {isa = PBXFileReference; lastKnownFileType = sourcecode.swift; path = rateVC.swift; sourceTree = "<group>"; };
		9E3991B52520201A00C1CC95 /* Example.app */ = {isa = PBXFileReference; explicitFileType = wrapper.application; includeInIndex = 0; path = Example.app; sourceTree = BUILT_PRODUCTS_DIR; };
		9E3991B82520201A00C1CC95 /* AppDelegate.swift */ = {isa = PBXFileReference; lastKnownFileType = sourcecode.swift; path = AppDelegate.swift; sourceTree = "<group>"; };
		9E3991BA2520201A00C1CC95 /* SceneDelegate.swift */ = {isa = PBXFileReference; lastKnownFileType = sourcecode.swift; path = SceneDelegate.swift; sourceTree = "<group>"; };
		9E3991BF2520201A00C1CC95 /* Base */ = {isa = PBXFileReference; lastKnownFileType = file.storyboard; name = Base; path = Base.lproj/Main.storyboard; sourceTree = "<group>"; };
		9E3991C42520201C00C1CC95 /* Base */ = {isa = PBXFileReference; lastKnownFileType = file.storyboard; name = Base; path = Base.lproj/LaunchScreen.storyboard; sourceTree = "<group>"; };
		9E3991C62520201C00C1CC95 /* Info.plist */ = {isa = PBXFileReference; lastKnownFileType = text.plist.xml; path = Info.plist; sourceTree = "<group>"; };
		9E3991CC2520204100C1CC95 /* Example-Bridging-Header.h */ = {isa = PBXFileReference; lastKnownFileType = sourcecode.c.h; path = "Example-Bridging-Header.h"; sourceTree = "<group>"; };
		9E3991D02520206500C1CC95 /* Podfile */ = {isa = PBXFileReference; fileEncoding = 4; lastKnownFileType = text; path = Podfile; sourceTree = SOURCE_ROOT; xcLanguageSpecificationIdentifier = xcode.lang.ruby; };
		9E92E55C256D516B0073BFA6 /* Tabs.swift */ = {isa = PBXFileReference; lastKnownFileType = sourcecode.swift; path = Tabs.swift; sourceTree = "<group>"; };
		9EFEA56B256C118000C7A870 /* Assets.xcassets */ = {isa = PBXFileReference; lastKnownFileType = folder.assetcatalog; path = Assets.xcassets; sourceTree = "<group>"; };
		DC0B2F0510DFCBC5A45914FB /* Pods-Example.debug.xcconfig */ = {isa = PBXFileReference; includeInIndex = 1; lastKnownFileType = text.xcconfig; name = "Pods-Example.debug.xcconfig"; path = "Target Support Files/Pods-Example/Pods-Example.debug.xcconfig"; sourceTree = "<group>"; };
/* End PBXFileReference section */

/* Begin PBXFrameworksBuildPhase section */
		9E3991B22520201A00C1CC95 /* Frameworks */ = {
			isa = PBXFrameworksBuildPhase;
			buildActionMask = 2147483647;
			files = (
				E91B1589B52B78B62D574F01 /* Pods_Example.framework in Frameworks */,
			);
			runOnlyForDeploymentPostprocessing = 0;
		};
/* End PBXFrameworksBuildPhase section */

/* Begin PBXGroup section */
		3E6E937E8A3569D736460770 /* Frameworks */ = {
			isa = PBXGroup;
			children = (
				402A965C6894FDF96F528BDB /* Pods_Example.framework */,
			);
			name = Frameworks;
			sourceTree = "<group>";
		};
		9E3991AC2520201A00C1CC95 = {
			isa = PBXGroup;
			children = (
				9E3991B72520201A00C1CC95 /* Example */,
				9E3991B62520201A00C1CC95 /* Products */,
				E26CF8A46B145AE38C7F8DBC /* Pods */,
				3E6E937E8A3569D736460770 /* Frameworks */,
			);
			sourceTree = "<group>";
		};
		9E3991B62520201A00C1CC95 /* Products */ = {
			isa = PBXGroup;
			children = (
				9E3991B52520201A00C1CC95 /* Example.app */,
			);
			name = Products;
			sourceTree = "<group>";
		};
		9E3991B72520201A00C1CC95 /* Example */ = {
			isa = PBXGroup;
			children = (
				9E3991B82520201A00C1CC95 /* AppDelegate.swift */,
				9EFEA56B256C118000C7A870 /* Assets.xcassets */,
				9E3991CC2520204100C1CC95 /* Example-Bridging-Header.h */,
				9E3991C62520201C00C1CC95 /* Info.plist */,
				9E3991C32520201C00C1CC95 /* LaunchScreen.storyboard */,
				9E3991BE2520201A00C1CC95 /* Main.storyboard */,
				9E3991D02520206500C1CC95 /* Podfile */,
				9E3991BA2520201A00C1CC95 /* SceneDelegate.swift */,
				9E92E55C256D516B0073BFA6 /* Tabs.swift */,
				9E1CD9F72576760A007C410C /* rateNV.swift */,
				9E1CD9FA2576762A007C410C /* rateVC.swift */,
			);
			path = Example;
			sourceTree = "<group>";
		};
		E26CF8A46B145AE38C7F8DBC /* Pods */ = {
			isa = PBXGroup;
			children = (
				DC0B2F0510DFCBC5A45914FB /* Pods-Example.debug.xcconfig */,
				73259463F27A93431B0BBA67 /* Pods-Example.release.xcconfig */,
			);
			path = Pods;
			sourceTree = "<group>";
		};
/* End PBXGroup section */

/* Begin PBXNativeTarget section */
		9E3991B42520201A00C1CC95 /* Example */ = {
			isa = PBXNativeTarget;
			buildConfigurationList = 9E3991C92520201C00C1CC95 /* Build configuration list for PBXNativeTarget "Example" */;
			buildPhases = (
				C53FD55A4A537FDBAA60D1A5 /* [CP] Check Pods Manifest.lock */,
				9E3991B12520201A00C1CC95 /* Sources */,
				9E3991B22520201A00C1CC95 /* Frameworks */,
				9E3991B32520201A00C1CC95 /* Resources */,
				EEA4FC4869D513923AE3A50D /* [CP] Embed Pods Frameworks */,
			);
			buildRules = (
			);
			dependencies = (
			);
			name = Example;
			productName = Example;
			productReference = 9E3991B52520201A00C1CC95 /* Example.app */;
			productType = "com.apple.product-type.application";
		};
/* End PBXNativeTarget section */

/* Begin PBXProject section */
		9E3991AD2520201A00C1CC95 /* Project object */ = {
			isa = PBXProject;
			attributes = {
				LastSwiftUpdateCheck = 1170;
				LastUpgradeCheck = 1170;
				ORGANIZATIONNAME = "John Blaine";
				TargetAttributes = {
					9E3991B42520201A00C1CC95 = {
						CreatedOnToolsVersion = 11.7;
						LastSwiftMigration = 1170;
					};
				};
			};
			buildConfigurationList = 9E3991B02520201A00C1CC95 /* Build configuration list for PBXProject "Example" */;
			compatibilityVersion = "Xcode 9.3";
			developmentRegion = en;
			hasScannedForEncodings = 0;
			knownRegions = (
				en,
				Base,
			);
			mainGroup = 9E3991AC2520201A00C1CC95;
			productRefGroup = 9E3991B62520201A00C1CC95 /* Products */;
			projectDirPath = "";
			projectRoot = "";
			targets = (
				9E3991B42520201A00C1CC95 /* Example */,
			);
		};
/* End PBXProject section */

/* Begin PBXResourcesBuildPhase section */
		9E3991B32520201A00C1CC95 /* Resources */ = {
			isa = PBXResourcesBuildPhase;
			buildActionMask = 2147483647;
			files = (
				9E3991C52520201C00C1CC95 /* LaunchScreen.storyboard in Resources */,
				9E3991D12520206600C1CC95 /* Podfile in Resources */,
				9E3991C02520201A00C1CC95 /* Main.storyboard in Resources */,
				9EFEA56C256C118000C7A870 /* Assets.xcassets in Resources */,
			);
			runOnlyForDeploymentPostprocessing = 0;
		};
/* End PBXResourcesBuildPhase section */

/* Begin PBXShellScriptBuildPhase section */
		C53FD55A4A537FDBAA60D1A5 /* [CP] Check Pods Manifest.lock */ = {
			isa = PBXShellScriptBuildPhase;
			buildActionMask = 2147483647;
			files = (
			);
			inputFileListPaths = (
			);
			inputPaths = (
				"${PODS_PODFILE_DIR_PATH}/Podfile.lock",
				"${PODS_ROOT}/Manifest.lock",
			);
			name = "[CP] Check Pods Manifest.lock";
			outputFileListPaths = (
			);
			outputPaths = (
				"$(DERIVED_FILE_DIR)/Pods-Example-checkManifestLockResult.txt",
			);
			runOnlyForDeploymentPostprocessing = 0;
			shellPath = /bin/sh;
			shellScript = "diff \"${PODS_PODFILE_DIR_PATH}/Podfile.lock\" \"${PODS_ROOT}/Manifest.lock\" > /dev/null\nif [ $? != 0 ] ; then\n    # print error to STDERR\n    echo \"error: The sandbox is not in sync with the Podfile.lock. Run 'pod install' or update your CocoaPods installation.\" >&2\n    exit 1\nfi\n# This output is used by Xcode 'outputs' to avoid re-running this script phase.\necho \"SUCCESS\" > \"${SCRIPT_OUTPUT_FILE_0}\"\n";
			showEnvVarsInLog = 0;
		};
		EEA4FC4869D513923AE3A50D /* [CP] Embed Pods Frameworks */ = {
			isa = PBXShellScriptBuildPhase;
			buildActionMask = 2147483647;
			files = (
			);
			inputFileListPaths = (
				"${PODS_ROOT}/Target Support Files/Pods-Example/Pods-Example-frameworks-${CONFIGURATION}-input-files.xcfilelist",
			);
			name = "[CP] Embed Pods Frameworks";
			outputFileListPaths = (
				"${PODS_ROOT}/Target Support Files/Pods-Example/Pods-Example-frameworks-${CONFIGURATION}-output-files.xcfilelist",
			);
			runOnlyForDeploymentPostprocessing = 0;
			shellPath = /bin/sh;
			shellScript = "\"${PODS_ROOT}/Target Support Files/Pods-Example/Pods-Example-frameworks.sh\"\n";
			showEnvVarsInLog = 0;
		};
/* End PBXShellScriptBuildPhase section */

/* Begin PBXSourcesBuildPhase section */
		9E3991B12520201A00C1CC95 /* Sources */ = {
			isa = PBXSourcesBuildPhase;
			buildActionMask = 2147483647;
			files = (
				9E1CD9F82576760A007C410C /* rateNV.swift in Sources */,
				9E3991B92520201A00C1CC95 /* AppDelegate.swift in Sources */,
				9E3991BB2520201A00C1CC95 /* SceneDelegate.swift in Sources */,
				9E92E55D256D516B0073BFA6 /* Tabs.swift in Sources */,
				9E1CD9FB2576762A007C410C /* rateVC.swift in Sources */,
			);
			runOnlyForDeploymentPostprocessing = 0;
		};
/* End PBXSourcesBuildPhase section */

/* Begin PBXVariantGroup section */
		9E3991BE2520201A00C1CC95 /* Main.storyboard */ = {
			isa = PBXVariantGroup;
			children = (
				9E3991BF2520201A00C1CC95 /* Base */,
			);
			name = Main.storyboard;
			sourceTree = "<group>";
		};
		9E3991C32520201C00C1CC95 /* LaunchScreen.storyboard */ = {
			isa = PBXVariantGroup;
			children = (
				9E3991C42520201C00C1CC95 /* Base */,
			);
			name = LaunchScreen.storyboard;
			sourceTree = "<group>";
		};
/* End PBXVariantGroup section */

/* Begin XCBuildConfiguration section */
		9E3991C72520201C00C1CC95 /* Debug */ = {
			isa = XCBuildConfiguration;
			buildSettings = {
				ALWAYS_SEARCH_USER_PATHS = NO;
				CLANG_ANALYZER_NONNULL = YES;
				CLANG_ANALYZER_NUMBER_OBJECT_CONVERSION = YES_AGGRESSIVE;
				CLANG_CXX_LANGUAGE_STANDARD = "gnu++14";
				CLANG_CXX_LIBRARY = "libc++";
				CLANG_ENABLE_MODULES = YES;
				CLANG_ENABLE_OBJC_ARC = YES;
				CLANG_ENABLE_OBJC_WEAK = YES;
				CLANG_WARN_BLOCK_CAPTURE_AUTORELEASING = YES;
				CLANG_WARN_BOOL_CONVERSION = YES;
				CLANG_WARN_COMMA = YES;
				CLANG_WARN_CONSTANT_CONVERSION = YES;
				CLANG_WARN_DEPRECATED_OBJC_IMPLEMENTATIONS = YES;
				CLANG_WARN_DIRECT_OBJC_ISA_USAGE = YES_ERROR;
				CLANG_WARN_DOCUMENTATION_COMMENTS = YES;
				CLANG_WARN_EMPTY_BODY = YES;
				CLANG_WARN_ENUM_CONVERSION = YES;
				CLANG_WARN_INFINITE_RECURSION = YES;
				CLANG_WARN_INT_CONVERSION = YES;
				CLANG_WARN_NON_LITERAL_NULL_CONVERSION = YES;
				CLANG_WARN_OBJC_IMPLICIT_RETAIN_SELF = YES;
				CLANG_WARN_OBJC_LITERAL_CONVERSION = YES;
				CLANG_WARN_OBJC_ROOT_CLASS = YES_ERROR;
				CLANG_WARN_RANGE_LOOP_ANALYSIS = YES;
				CLANG_WARN_STRICT_PROTOTYPES = YES;
				CLANG_WARN_SUSPICIOUS_MOVE = YES;
				CLANG_WARN_UNGUARDED_AVAILABILITY = YES_AGGRESSIVE;
				CLANG_WARN_UNREACHABLE_CODE = YES;
				CLANG_WARN__DUPLICATE_METHOD_MATCH = YES;
				COPY_PHASE_STRIP = NO;
				DEBUG_INFORMATION_FORMAT = dwarf;
				ENABLE_STRICT_OBJC_MSGSEND = YES;
				ENABLE_TESTABILITY = YES;
				GCC_C_LANGUAGE_STANDARD = gnu11;
				GCC_DYNAMIC_NO_PIC = NO;
				GCC_NO_COMMON_BLOCKS = YES;
				GCC_OPTIMIZATION_LEVEL = 0;
				GCC_PREPROCESSOR_DEFINITIONS = (
					"DEBUG=1",
					"$(inherited)",
				);
				GCC_WARN_64_TO_32_BIT_CONVERSION = YES;
				GCC_WARN_ABOUT_RETURN_TYPE = YES_ERROR;
				GCC_WARN_UNDECLARED_SELECTOR = YES;
				GCC_WARN_UNINITIALIZED_AUTOS = YES_AGGRESSIVE;
				GCC_WARN_UNUSED_FUNCTION = YES;
				GCC_WARN_UNUSED_VARIABLE = YES;
				IPHONEOS_DEPLOYMENT_TARGET = 13.7;
				MTL_ENABLE_DEBUG_INFO = INCLUDE_SOURCE;
				MTL_FAST_MATH = YES;
				ONLY_ACTIVE_ARCH = YES;
				SDKROOT = iphoneos;
				SWIFT_ACTIVE_COMPILATION_CONDITIONS = DEBUG;
				SWIFT_OPTIMIZATION_LEVEL = "-Onone";
			};
			name = Debug;
		};
		9E3991C82520201C00C1CC95 /* Release */ = {
			isa = XCBuildConfiguration;
			buildSettings = {
				ALWAYS_SEARCH_USER_PATHS = NO;
				CLANG_ANALYZER_NONNULL = YES;
				CLANG_ANALYZER_NUMBER_OBJECT_CONVERSION = YES_AGGRESSIVE;
				CLANG_CXX_LANGUAGE_STANDARD = "gnu++14";
				CLANG_CXX_LIBRARY = "libc++";
				CLANG_ENABLE_MODULES = YES;
				CLANG_ENABLE_OBJC_ARC = YES;
				CLANG_ENABLE_OBJC_WEAK = YES;
				CLANG_WARN_BLOCK_CAPTURE_AUTORELEASING = YES;
				CLANG_WARN_BOOL_CONVERSION = YES;
				CLANG_WARN_COMMA = YES;
				CLANG_WARN_CONSTANT_CONVERSION = YES;
				CLANG_WARN_DEPRECATED_OBJC_IMPLEMENTATIONS = YES;
				CLANG_WARN_DIRECT_OBJC_ISA_USAGE = YES_ERROR;
				CLANG_WARN_DOCUMENTATION_COMMENTS = YES;
				CLANG_WARN_EMPTY_BODY = YES;
				CLANG_WARN_ENUM_CONVERSION = YES;
				CLANG_WARN_INFINITE_RECURSION = YES;
				CLANG_WARN_INT_CONVERSION = YES;
				CLANG_WARN_NON_LITERAL_NULL_CONVERSION = YES;
				CLANG_WARN_OBJC_IMPLICIT_RETAIN_SELF = YES;
				CLANG_WARN_OBJC_LITERAL_CONVERSION = YES;
				CLANG_WARN_OBJC_ROOT_CLASS = YES_ERROR;
				CLANG_WARN_RANGE_LOOP_ANALYSIS = YES;
				CLANG_WARN_STRICT_PROTOTYPES = YES;
				CLANG_WARN_SUSPICIOUS_MOVE = YES;
				CLANG_WARN_UNGUARDED_AVAILABILITY = YES_AGGRESSIVE;
				CLANG_WARN_UNREACHABLE_CODE = YES;
				CLANG_WARN__DUPLICATE_METHOD_MATCH = YES;
				COPY_PHASE_STRIP = NO;
				DEBUG_INFORMATION_FORMAT = "dwarf-with-dsym";
				ENABLE_NS_ASSERTIONS = NO;
				ENABLE_STRICT_OBJC_MSGSEND = YES;
				GCC_C_LANGUAGE_STANDARD = gnu11;
				GCC_NO_COMMON_BLOCKS = YES;
				GCC_WARN_64_TO_32_BIT_CONVERSION = YES;
				GCC_WARN_ABOUT_RETURN_TYPE = YES_ERROR;
				GCC_WARN_UNDECLARED_SELECTOR = YES;
				GCC_WARN_UNINITIALIZED_AUTOS = YES_AGGRESSIVE;
				GCC_WARN_UNUSED_FUNCTION = YES;
				GCC_WARN_UNUSED_VARIABLE = YES;
				IPHONEOS_DEPLOYMENT_TARGET = 13.7;
				MTL_ENABLE_DEBUG_INFO = NO;
				MTL_FAST_MATH = YES;
				SDKROOT = iphoneos;
				SWIFT_COMPILATION_MODE = wholemodule;
				SWIFT_OPTIMIZATION_LEVEL = "-O";
				VALIDATE_PRODUCT = YES;
			};
			name = Release;
		};
		9E3991CA2520201C00C1CC95 /* Debug */ = {
			isa = XCBuildConfiguration;
			baseConfigurationReference = DC0B2F0510DFCBC5A45914FB /* Pods-Example.debug.xcconfig */;
			buildSettings = {
				ASSETCATALOG_COMPILER_APPICON_NAME = AppIcon;
				CLANG_ENABLE_MODULES = YES;
				CODE_SIGN_STYLE = Automatic;
				DEVELOPMENT_TEAM = 39LDUJS32M;
				INFOPLIST_FILE = Example/Info.plist;
				LD_RUNPATH_SEARCH_PATHS = (
					"$(inherited)",
					"@executable_path/Frameworks",
				);
				PRODUCT_BUNDLE_IDENTIFIER = jblaine.Example;
				PRODUCT_NAME = "$(TARGET_NAME)";
				SWIFT_OBJC_BRIDGING_HEADER = "Example/Example-Bridging-Header.h";
				SWIFT_OPTIMIZATION_LEVEL = "-Onone";
				SWIFT_VERSION = 5.0;
				TARGETED_DEVICE_FAMILY = "1,2";
			};
			name = Debug;
		};
		9E3991CB2520201C00C1CC95 /* Release */ = {
			isa = XCBuildConfiguration;
			baseConfigurationReference = 73259463F27A93431B0BBA67 /* Pods-Example.release.xcconfig */;
			buildSettings = {
				ASSETCATALOG_COMPILER_APPICON_NAME = AppIcon;
				CLANG_ENABLE_MODULES = YES;
				CODE_SIGN_STYLE = Automatic;
				DEVELOPMENT_TEAM = 39LDUJS32M;
				INFOPLIST_FILE = Example/Info.plist;
				LD_RUNPATH_SEARCH_PATHS = (
					"$(inherited)",
					"@executable_path/Frameworks",
				);
				PRODUCT_BUNDLE_IDENTIFIER = jblaine.Example;
				PRODUCT_NAME = "$(TARGET_NAME)";
				SWIFT_OBJC_BRIDGING_HEADER = "Example/Example-Bridging-Header.h";
				SWIFT_VERSION = 5.0;
				TARGETED_DEVICE_FAMILY = "1,2";
			};
			name = Release;
		};
/* End XCBuildConfiguration section */

/* Begin XCConfigurationList section */
		9E3991B02520201A00C1CC95 /* Build configuration list for PBXProject "Example" */ = {
			isa = XCConfigurationList;
			buildConfigurations = (
				9E3991C72520201C00C1CC95 /* Debug */,
				9E3991C82520201C00C1CC95 /* Release */,
			);
			defaultConfigurationIsVisible = 0;
			defaultConfigurationName = Release;
		};
		9E3991C92520201C00C1CC95 /* Build configuration list for PBXNativeTarget "Example" */ = {
			isa = XCConfigurationList;
			buildConfigurations = (
				9E3991CA2520201C00C1CC95 /* Debug */,
				9E3991CB2520201C00C1CC95 /* Release */,
			);
			defaultConfigurationIsVisible = 0;
			defaultConfigurationName = Release;
		};
/* End XCConfigurationList section */
	};
	rootObject = 9E3991AD2520201A00C1CC95 /* Project object */;
}
